
Microsoft Visual Studio Solution File, Format Version 12.00
# Visual Studio Version 17
VisualStudioVersion = 17.9.34701.34
MinimumVisualStudioVersion = 10.0.40219.1
Project("{8BC9CEB8-8B4A-11D0-8D11-00A0C91BC942}") = "stack", "stack\stack.vcxproj", "{39BA6982-653F-4D5B-8138-B68C1B065389}"
EndProject
Global
	GlobalSection(SolutionConfigurationPlatforms) = preSolution
		Debug|x64 = Debug|x64
		Debug|x86 = Debug|x86
		Release|x64 = Release|x64
		Release|x86 = Release|x86
	EndGlobalSection
	GlobalSection(ProjectConfigurationPlatforms) = postSolution
		{39BA6982-653F-4D5B-8138-B68C1B065389}.Debug|x64.ActiveCfg = Debug|x64
		{39BA6982-653F-4D5B-8138-B68C1B065389}.Debug|x64.Build.0 = Debug|x64
		{39BA6982-653F-4D5B-8138-B68C1B065389}.Debug|x86.ActiveCfg = Debug|Win32
		{39BA6982-653F-4D5B-8138-B68C1B065389}.Debug|x86.Build.0 = Debug|Win32
		{39BA6982-653F-4D5B-8138-B68C1B065389}.Release|x64.ActiveCfg = Release|x64
		{39BA6982-653F-4D5B-8138-B68C1B065389}.Release|x64.Build.0 = Release|x64
		{39BA6982-653F-4D5B-8138-B68C1B065389}.Release|x86.ActiveCfg = Release|Win32
		{39BA6982-653F-4D5B-8138-B68C1B065389}.Release|x86.Build.0 = Release|Win32
	EndGlobalSection
	GlobalSection(SolutionProperties) = preSolution
		HideSolutionNode = FALSE
	EndGlobalSection
	GlobalSection(ExtensibilityGlobals) = postSolution
		SolutionGuid = {DD553B97-C079-43FE-9D53-8C3D9AF54C47}
	EndGlobalSection
EndGlobal
